
Microsoft Visual Studio Solution File, Format Version 12.00
# Visual Studio Version 17
VisualStudioVersion = 17.1.32421.90
MinimumVisualStudioVersion = 10.0.40219.1
Project("{FAE04EC0-301F-11D3-BF4B-00C04F79EFBC}") = "Ethernet Discovery Example", "Ethernet Discovery Example\Ethernet Discovery Example.csproj", "{BE0FA1F6-F3E8-49A2-A459-F1AF23998AB7}"
EndProject
Global
	GlobalSection(SolutionConfigurationPlatforms) = preSolution
		Debug|Any CPU = Debug|Any CPU
		Release|Any CPU = Release|Any CPU
	EndGlobalSection
	GlobalSection(ProjectConfigurationPlatforms) = postSolution
		{BE0FA1F6-F3E8-49A2-A459-F1AF23998AB7}.Debug|Any CPU.ActiveCfg = Debug|Any CPU
		{BE0FA1F6-F3E8-49A2-A459-F1AF23998AB7}.Debug|Any CPU.Build.0 = Debug|Any CPU
		{BE0FA1F6-F3E8-49A2-A459-F1AF23998AB7}.Release|Any CPU.ActiveCfg = Release|Any CPU
		{BE0FA1F6-F3E8-49A2-A459-F1AF23998AB7}.Release|Any CPU.Build.0 = Release|Any CPU
	EndGlobalSection
	GlobalSection(SolutionProperties) = preSolution
		HideSolutionNode = FALSE
	EndGlobalSection
	GlobalSection(ExtensibilityGlobals) = postSolution
		SolutionGuid = {0B6D73F5-0A09-48F7-9F48-C87071F8573A}
	EndGlobalSection
EndGlobal
