
Microsoft Visual Studio Solution File, Format Version 12.00
# Visual Studio Version 17
VisualStudioVersion = 17.1.32421.90
MinimumVisualStudioVersion = 10.0.40219.1
Project("{FAE04EC0-301F-11D3-BF4B-00C04F79EFBC}") = "Cresnet Helper Example", "Cresnet Helper Example\Cresnet Helper Example.csproj", "{DC07ACC6-9632-43E7-AB31-FD638D26850F}"
EndProject
Global
	GlobalSection(SolutionConfigurationPlatforms) = preSolution
		Debug|Any CPU = Debug|Any CPU
		Release|Any CPU = Release|Any CPU
	EndGlobalSection
	GlobalSection(ProjectConfigurationPlatforms) = postSolution
		{DC07ACC6-9632-43E7-AB31-FD638D26850F}.Debug|Any CPU.ActiveCfg = Debug|Any CPU
		{DC07ACC6-9632-43E7-AB31-FD638D26850F}.Debug|Any CPU.Build.0 = Debug|Any CPU
		{DC07ACC6-9632-43E7-AB31-FD638D26850F}.Release|Any CPU.ActiveCfg = Release|Any CPU
		{DC07ACC6-9632-43E7-AB31-FD638D26850F}.Release|Any CPU.Build.0 = Release|Any CPU
	EndGlobalSection
	GlobalSection(SolutionProperties) = preSolution
		HideSolutionNode = FALSE
	EndGlobalSection
	GlobalSection(ExtensibilityGlobals) = postSolution
		SolutionGuid = {DA90F2C1-BE5D-4C46-B9C8-1D49047AF5FE}
	EndGlobalSection
EndGlobal
