
Microsoft Visual Studio Solution File, Format Version 12.00
# Visual Studio Version 17
VisualStudioVersion = 17.1.32414.318
MinimumVisualStudioVersion = 10.0.40219.1
Project("{FAE04EC0-301F-11D3-BF4B-00C04F79EFBC}") = "SharpUI", "SharpUI.csproj", "{1C5E79FA-3CC3-4148-99B5-332DFDA4C9F1}"
EndProject
Global
	GlobalSection(SolutionConfigurationPlatforms) = preSolution
		Debug|Any CPU = Debug|Any CPU
		Release|Any CPU = Release|Any CPU
	EndGlobalSection
	GlobalSection(ProjectConfigurationPlatforms) = postSolution
		{1C5E79FA-3CC3-4148-99B5-332DFDA4C9F1}.Debug|Any CPU.ActiveCfg = Debug|Any CPU
		{1C5E79FA-3CC3-4148-99B5-332DFDA4C9F1}.Debug|Any CPU.Build.0 = Debug|Any CPU
		{1C5E79FA-3CC3-4148-99B5-332DFDA4C9F1}.Release|Any CPU.ActiveCfg = Release|Any CPU
		{1C5E79FA-3CC3-4148-99B5-332DFDA4C9F1}.Release|Any CPU.Build.0 = Release|Any CPU
	EndGlobalSection
	GlobalSection(SolutionProperties) = preSolution
		HideSolutionNode = FALSE
	EndGlobalSection
	GlobalSection(ExtensibilityGlobals) = postSolution
		SolutionGuid = {D0367603-344D-4FC6-94BB-8E9108A79786}
	EndGlobalSection
EndGlobal
