
Microsoft Visual Studio Solution File, Format Version 12.00
# Visual Studio Version 17
VisualStudioVersion = 17.1.32414.318
MinimumVisualStudioVersion = 10.0.40219.1
Project("{FAE04EC0-301F-11D3-BF4B-00C04F79EFBC}") = "CrestronMastersMSS431InstructorProgram", "CrestronMastersMSS431InstructorProgram\CrestronMastersMSS431InstructorProgram.csproj", "{EC80BF1C-16F4-4FEC-972D-5CD9D336BC21}"
EndProject
Project("{FAE04EC0-301F-11D3-BF4B-00C04F79EFBC}") = "ReflectionInterface", "ReflectionInterface\ReflectionInterface.csproj", "{A0B260CF-1A61-4DE2-B282-AC34A2849CD8}"
EndProject
Project("{FAE04EC0-301F-11D3-BF4B-00C04F79EFBC}") = "GetJoke", "GetJoke\GetJoke.csproj", "{650C08B3-75B1-4856-9FFB-FDFB3A0734B9}"
EndProject
Project("{FAE04EC0-301F-11D3-BF4B-00C04F79EFBC}") = "GetFortune", "GetFortune\GetFortune.csproj", "{F98A8C86-FB11-4DAD-8CCF-CBB6B78E01EE}"
EndProject
Project("{FAE04EC0-301F-11D3-BF4B-00C04F79EFBC}") = "Timslibrary", "Timslibrary\Timslibrary.csproj", "{4B9B1A9D-F245-4849-BC0C-5FC70D221798}"
EndProject
Global
	GlobalSection(SolutionConfigurationPlatforms) = preSolution
		Debug|Any CPU = Debug|Any CPU
		Release|Any CPU = Release|Any CPU
	EndGlobalSection
	GlobalSection(ProjectConfigurationPlatforms) = postSolution
		{EC80BF1C-16F4-4FEC-972D-5CD9D336BC21}.Debug|Any CPU.ActiveCfg = Debug|Any CPU
		{EC80BF1C-16F4-4FEC-972D-5CD9D336BC21}.Debug|Any CPU.Build.0 = Debug|Any CPU
		{EC80BF1C-16F4-4FEC-972D-5CD9D336BC21}.Release|Any CPU.ActiveCfg = Release|Any CPU
		{EC80BF1C-16F4-4FEC-972D-5CD9D336BC21}.Release|Any CPU.Build.0 = Release|Any CPU
		{A0B260CF-1A61-4DE2-B282-AC34A2849CD8}.Debug|Any CPU.ActiveCfg = Debug|Any CPU
		{A0B260CF-1A61-4DE2-B282-AC34A2849CD8}.Debug|Any CPU.Build.0 = Debug|Any CPU
		{A0B260CF-1A61-4DE2-B282-AC34A2849CD8}.Release|Any CPU.ActiveCfg = Release|Any CPU
		{A0B260CF-1A61-4DE2-B282-AC34A2849CD8}.Release|Any CPU.Build.0 = Release|Any CPU
		{650C08B3-75B1-4856-9FFB-FDFB3A0734B9}.Debug|Any CPU.ActiveCfg = Debug|Any CPU
		{650C08B3-75B1-4856-9FFB-FDFB3A0734B9}.Debug|Any CPU.Build.0 = Debug|Any CPU
		{650C08B3-75B1-4856-9FFB-FDFB3A0734B9}.Release|Any CPU.ActiveCfg = Release|Any CPU
		{650C08B3-75B1-4856-9FFB-FDFB3A0734B9}.Release|Any CPU.Build.0 = Release|Any CPU
		{F98A8C86-FB11-4DAD-8CCF-CBB6B78E01EE}.Debug|Any CPU.ActiveCfg = Debug|Any CPU
		{F98A8C86-FB11-4DAD-8CCF-CBB6B78E01EE}.Debug|Any CPU.Build.0 = Debug|Any CPU
		{F98A8C86-FB11-4DAD-8CCF-CBB6B78E01EE}.Release|Any CPU.ActiveCfg = Release|Any CPU
		{F98A8C86-FB11-4DAD-8CCF-CBB6B78E01EE}.Release|Any CPU.Build.0 = Release|Any CPU
		{4B9B1A9D-F245-4849-BC0C-5FC70D221798}.Debug|Any CPU.ActiveCfg = Debug|Any CPU
		{4B9B1A9D-F245-4849-BC0C-5FC70D221798}.Debug|Any CPU.Build.0 = Debug|Any CPU
		{4B9B1A9D-F245-4849-BC0C-5FC70D221798}.Release|Any CPU.ActiveCfg = Release|Any CPU
		{4B9B1A9D-F245-4849-BC0C-5FC70D221798}.Release|Any CPU.Build.0 = Release|Any CPU
	EndGlobalSection
	GlobalSection(SolutionProperties) = preSolution
		HideSolutionNode = FALSE
	EndGlobalSection
	GlobalSection(ExtensibilityGlobals) = postSolution
		SolutionGuid = {BD36C841-1846-4244-B867-E322C544B265}
	EndGlobalSection
EndGlobal
